
Microsoft Visual Studio Solution File, Format Version 12.00
# Visual Studio Version 16
VisualStudioVersion = 16.0.32126.315
MinimumVisualStudioVersion = 10.0.40219.1
Project("{FAE04EC0-301F-11D3-BF4B-00C04F79EFBC}") = "Commender", "Commender\Commender.csproj", "{46FE62A8-DD1B-4055-BD88-CA13F2929A7F}"
EndProject
Global
	GlobalSection(SolutionConfigurationPlatforms) = preSolution
		Debug|Any CPU = Debug|Any CPU
		Release|Any CPU = Release|Any CPU
	EndGlobalSection
	GlobalSection(ProjectConfigurationPlatforms) = postSolution
		{46FE62A8-DD1B-4055-BD88-CA13F2929A7F}.Debug|Any CPU.ActiveCfg = Debug|Any CPU
		{46FE62A8-DD1B-4055-BD88-CA13F2929A7F}.Debug|Any CPU.Build.0 = Debug|Any CPU
		{46FE62A8-DD1B-4055-BD88-CA13F2929A7F}.Release|Any CPU.ActiveCfg = Release|Any CPU
		{46FE62A8-DD1B-4055-BD88-CA13F2929A7F}.Release|Any CPU.Build.0 = Release|Any CPU
	EndGlobalSection
	GlobalSection(SolutionProperties) = preSolution
		HideSolutionNode = FALSE
	EndGlobalSection
	GlobalSection(ExtensibilityGlobals) = postSolution
		SolutionGuid = {497F2E9C-2868-430C-A271-895984AA5E48}
	EndGlobalSection
EndGlobal
